<?xml version="1.0" encoding="UTF-8"?>
<!DOCTYPE plist PUBLIC "-//Apple//DTD PLIST 1.0//EN" "http://www.apple.com/DTDs/PropertyList-1.0.dtd">
<plist version="1.0">
<dict>
	<key>archiveVersion</key>
	<string>1</string>
	<key>classes</key>
	<dict/>
	<key>objectVersion</key>
	<string>46</string>
	<key>objects</key>
	<dict>
		<key>01CD7FB319F9D3D800EEF9CC</key>
		<dict>
			<key>isa</key>
			<string>PBXFileReference</string>
			<key>lastKnownFileType</key>
			<string>wrapper.framework</string>
			<key>name</key>
			<string>FacebookSDK.framework</string>
			<key>path</key>
			<string>../../Documents/FacebookSDK/FacebookSDK.framework</string>
			<key>sourceTree</key>
			<string>&lt;group&gt;</string>
		</dict>
		<key>01CD7FB419F9D3D800EEF9CC</key>
		<dict>
			<key>fileRef</key>
			<string>01CD7FB319F9D3D800EEF9CC</string>
			<key>isa</key>
			<string>PBXBuildFile</string>
		</dict>
		<key>30C9BA00E56D28D8FB124E26</key>
		<dict>
			<key>buildActionMask</key>
			<string>2147483647</string>
			<key>files</key>
			<array/>
			<key>inputPaths</key>
			<array/>
			<key>isa</key>
			<string>PBXShellScriptBuildPhase</string>
			<key>name</key>
			<string>Check Pods Manifest.lock</string>
			<key>outputPaths</key>
			<array/>
			<key>runOnlyForDeploymentPostprocessing</key>
			<string>0</string>
			<key>shellPath</key>
			<string>/bin/sh</string>
			<key>shellScript</key>
			<string>diff "${PODS_ROOT}/../Podfile.lock" "${PODS_ROOT}/Manifest.lock" &gt; /dev/null
if [[ $? != 0 ]] ; then
    cat &lt;&lt; EOM
error: The sandbox is not in sync with the Podfile.lock. Run 'pod install' or update your CocoaPods installation.
EOM
    exit 1
fi
</string>
			<key>showEnvVarsInLog</key>
			<string>0</string>
		</dict>
		<key>32F28CE06B9C105C932B6041</key>
		<dict>
			<key>explicitFileType</key>
			<string>archive.ar</string>
			<key>includeInIndex</key>
			<string>0</string>
			<key>isa</key>
			<string>PBXFileReference</string>
			<key>path</key>
			<string>libPods.a</string>
			<key>sourceTree</key>
			<string>BUILT_PRODUCTS_DIR</string>
		</dict>
		<key>3BCF05D3052CB34DD7AB0FCF</key>
		<dict>
			<key>buildActionMask</key>
			<string>2147483647</string>
			<key>files</key>
			<array/>
			<key>inputPaths</key>
			<array/>
			<key>isa</key>
			<string>PBXShellScriptBuildPhase</string>
			<key>name</key>
			<string>Copy Pods Resources</string>
			<key>outputPaths</key>
			<array/>
			<key>runOnlyForDeploymentPostprocessing</key>
			<string>0</string>
			<key>shellPath</key>
			<string>/bin/sh</string>
			<key>shellScript</key>
			<string>"${SRCROOT}/Pods/Target Support Files/Pods/Pods-resources.sh"
</string>
			<key>showEnvVarsInLog</key>
			<string>0</string>
		</dict>
		<key>430763FD193A708B0094A047</key>
		<dict>
			<key>children</key>
			<array>
				<string>4307640F193A708B0094A047</string>
				<string>4307642E193A708C0094A047</string>
				<string>43076408193A708B0094A047</string>
				<string>43076407193A708B0094A047</string>
				<string>E1F5BEBC83DB9E37E329E928</string>
			</array>
			<key>isa</key>
			<string>PBXGroup</string>
			<key>sourceTree</key>
			<string>&lt;group&gt;</string>
		</dict>
		<key>430763FE193A708B0094A047</key>
		<dict>
			<key>attributes</key>
			<dict>
				<key>LastUpgradeCheck</key>
				<string>0510</string>
				<key>ORGANIZATIONNAME</key>
				<string>Sea * Side Syndication</string>
				<key>TargetAttributes</key>
				<dict>
					<key>43076405193A708B0094A047</key>
					<dict>
						<key>DevelopmentTeam</key>
						<string>CT9JVY3C46</string>
					</dict>
					<key>43076426193A708C0094A047</key>
					<dict>
						<key>TestTargetID</key>
						<string>43076405193A708B0094A047</string>
					</dict>
				</dict>
			</dict>
			<key>buildConfigurationList</key>
			<string>43076401193A708B0094A047</string>
			<key>compatibilityVersion</key>
			<string>Xcode 3.2</string>
			<key>developmentRegion</key>
			<string>English</string>
			<key>hasScannedForEncodings</key>
			<string>0</string>
			<key>isa</key>
			<string>PBXProject</string>
			<key>knownRegions</key>
			<array>
				<string>en</string>
				<string>Base</string>
			</array>
			<key>mainGroup</key>
			<string>430763FD193A708B0094A047</string>
			<key>productRefGroup</key>
			<string>43076407193A708B0094A047</string>
			<key>projectDirPath</key>
			<string></string>
			<key>projectReferences</key>
			<array/>
			<key>projectRoot</key>
			<string></string>
			<key>targets</key>
			<array>
				<string>43076405193A708B0094A047</string>
				<string>43076426193A708C0094A047</string>
			</array>
		</dict>
		<key>43076401193A708B0094A047</key>
		<dict>
			<key>buildConfigurations</key>
			<array>
				<string>43076436193A708C0094A047</string>
				<string>43076437193A708C0094A047</string>
			</array>
			<key>defaultConfigurationIsVisible</key>
			<string>0</string>
			<key>defaultConfigurationName</key>
			<string>Release</string>
			<key>isa</key>
			<string>XCConfigurationList</string>
		</dict>
		<key>43076402193A708B0094A047</key>
		<dict>
			<key>buildActionMask</key>
			<string>2147483647</string>
			<key>files</key>
			<array>
				<string>4307644E193BEAA20094A047</string>
				<string>434E9393193F6EFF00DA0298</string>
				<string>434E938D193EE9FD00DA0298</string>
				<string>43076451193CCB6C0094A047</string>
				<string>434D6B1319462FC800B13301</string>
				<string>43076420193A708C0094A047</string>
				<string>43076448193BD0030094A047</string>
				<string>43076445193BCDC10094A047</string>
				<string>43076442193A8A030094A047</string>
				<string>4307644B193BE7FA0094A047</string>
				<string>434D6B1C1946692D00B13301</string>
				<string>434D6B10194622C700B13301</string>
				<string>434E938A193ECFA700DA0298</string>
				<string>4307641A193A708C0094A047</string>
				<string>434E9390193F6E8200DA0298</string>
				<string>434E939D194217B100DA0298</string>
				<string>434D6B19194643C500B13301</string>
				<string>43076416193A708C0094A047</string>
			</array>
			<key>isa</key>
			<string>PBXSourcesBuildPhase</string>
			<key>runOnlyForDeploymentPostprocessing</key>
			<string>0</string>
		</dict>
		<key>43076403193A708B0094A047</key>
		<dict>
			<key>buildActionMask</key>
			<string>2147483647</string>
			<key>files</key>
			<array>
				<string>4307640C193A708B0094A047</string>
				<string>01CD7FB419F9D3D800EEF9CC</string>
				<string>4307640E193A708B0094A047</string>
				<string>4307640A193A708B0094A047</string>
				<string>57426A017BD38A16ECE64596</string>
			</array>
			<key>isa</key>
			<string>PBXFrameworksBuildPhase</string>
			<key>runOnlyForDeploymentPostprocessing</key>
			<string>0</string>
		</dict>
		<key>43076404193A708B0094A047</key>
		<dict>
			<key>buildActionMask</key>
			<string>2147483647</string>
			<key>files</key>
			<array>
				<string>43076454193CDBA90094A047</string>
				<string>434E93951941170D00DA0298</string>
				<string>434E939A1941178300DA0298</string>
				<string>43076422193A708C0094A047</string>
				<string>43076414193A708B0094A047</string>
				<string>434E93981941177000DA0298</string>
				<string>4307641D193A708C0094A047</string>
			</array>
			<key>isa</key>
			<string>PBXResourcesBuildPhase</string>
			<key>runOnlyForDeploymentPostprocessing</key>
			<string>0</string>
		</dict>
		<key>43076405193A708B0094A047</key>
		<dict>
			<key>buildConfigurationList</key>
			<string>43076438193A708C0094A047</string>
			<key>buildPhases</key>
			<array>
				<string>30C9BA00E56D28D8FB124E26</string>
				<string>43076402193A708B0094A047</string>
				<string>43076403193A708B0094A047</string>
				<string>43076404193A708B0094A047</string>
				<string>3BCF05D3052CB34DD7AB0FCF</string>
			</array>
			<key>buildRules</key>
			<array/>
			<key>dependencies</key>
			<array/>
			<key>isa</key>
			<string>PBXNativeTarget</string>
			<key>name</key>
			<string>around</string>
			<key>productName</key>
			<string>around</string>
			<key>productReference</key>
			<string>43076406193A708B0094A047</string>
			<key>productType</key>
			<string>com.apple.product-type.application</string>
		</dict>
		<key>43076406193A708B0094A047</key>
		<dict>
			<key>explicitFileType</key>
			<string>wrapper.application</string>
			<key>includeInIndex</key>
			<string>0</string>
			<key>isa</key>
			<string>PBXFileReference</string>
			<key>path</key>
			<string>around.app</string>
			<key>sourceTree</key>
			<string>BUILT_PRODUCTS_DIR</string>
		</dict>
		<key>43076407193A708B0094A047</key>
		<dict>
			<key>children</key>
			<array>
				<string>43076406193A708B0094A047</string>
				<string>43076427193A708C0094A047</string>
			</array>
			<key>isa</key>
			<string>PBXGroup</string>
			<key>name</key>
			<string>Products</string>
			<key>sourceTree</key>
			<string>&lt;group&gt;</string>
		</dict>
		<key>43076408193A708B0094A047</key>
		<dict>
			<key>children</key>
			<array>
				<string>01CD7FB319F9D3D800EEF9CC</string>
				<string>43076409193A708B0094A047</string>
				<string>4307640B193A708B0094A047</string>
				<string>4307640D193A708B0094A047</string>
				<string>43076428193A708C0094A047</string>
				<string>32F28CE06B9C105C932B6041</string>
			</array>
			<key>isa</key>
			<string>PBXGroup</string>
			<key>name</key>
			<string>Frameworks</string>
			<key>sourceTree</key>
			<string>&lt;group&gt;</string>
		</dict>
		<key>43076409193A708B0094A047</key>
		<dict>
			<key>isa</key>
			<string>PBXFileReference</string>
			<key>lastKnownFileType</key>
			<string>wrapper.framework</string>
			<key>name</key>
			<string>Foundation.framework</string>
			<key>path</key>
			<string>System/Library/Frameworks/Foundation.framework</string>
			<key>sourceTree</key>
			<string>SDKROOT</string>
		</dict>
		<key>4307640A193A708B0094A047</key>
		<dict>
			<key>fileRef</key>
			<string>43076409193A708B0094A047</string>
			<key>isa</key>
			<string>PBXBuildFile</string>
		</dict>
		<key>4307640B193A708B0094A047</key>
		<dict>
			<key>isa</key>
			<string>PBXFileReference</string>
			<key>lastKnownFileType</key>
			<string>wrapper.framework</string>
			<key>name</key>
			<string>CoreGraphics.framework</string>
			<key>path</key>
			<string>System/Library/Frameworks/CoreGraphics.framework</string>
			<key>sourceTree</key>
			<string>SDKROOT</string>
		</dict>
		<key>4307640C193A708B0094A047</key>
		<dict>
			<key>fileRef</key>
			<string>4307640B193A708B0094A047</string>
			<key>isa</key>
			<string>PBXBuildFile</string>
		</dict>
		<key>4307640D193A708B0094A047</key>
		<dict>
			<key>isa</key>
			<string>PBXFileReference</string>
			<key>lastKnownFileType</key>
			<string>wrapper.framework</string>
			<key>name</key>
			<string>UIKit.framework</string>
			<key>path</key>
			<string>System/Library/Frameworks/UIKit.framework</string>
			<key>sourceTree</key>
			<string>SDKROOT</string>
		</dict>
		<key>4307640E193A708B0094A047</key>
		<dict>
			<key>fileRef</key>
			<string>4307640D193A708B0094A047</string>
			<key>isa</key>
			<string>PBXBuildFile</string>
		</dict>
		<key>4307640F193A708B0094A047</key>
		<dict>
			<key>children</key>
			<array>
				<string>434E93961941172700DA0298</string>
				<string>4307641B193A708C0094A047</string>
				<string>43076453193CDBA90094A047</string>
				<string>434E93941941170D00DA0298</string>
				<string>434E93971941177000DA0298</string>
				<string>434E93991941178300DA0298</string>
				<string>43076418193A708C0094A047</string>
				<string>43076419193A708C0094A047</string>
				<string>4307641E193A708C0094A047</string>
				<string>4307641F193A708C0094A047</string>
				<string>434D6B0E194622C700B13301</string>
				<string>434D6B0F194622C700B13301</string>
				<string>434D6B1119462FC800B13301</string>
				<string>434D6B1219462FC800B13301</string>
				<string>434D6B17194643C500B13301</string>
				<string>434D6B18194643C500B13301</string>
				<string>434D6B1A1946692D00B13301</string>
				<string>434D6B1B1946692D00B13301</string>
				<string>43076421193A708C0094A047</string>
				<string>43076410193A708B0094A047</string>
				<string>434E939B194217B100DA0298</string>
				<string>434E939C194217B100DA0298</string>
				<string>434E9388193ECFA700DA0298</string>
				<string>434E9389193ECFA700DA0298</string>
				<string>4307644F193CCB6C0094A047</string>
				<string>43076450193CCB6C0094A047</string>
				<string>434E938B193EE9FD00DA0298</string>
				<string>434E938C193EE9FD00DA0298</string>
				<string>434E9391193F6EFF00DA0298</string>
				<string>434E9392193F6EFF00DA0298</string>
				<string>434E938E193F6E8200DA0298</string>
				<string>434E938F193F6E8200DA0298</string>
			</array>
			<key>isa</key>
			<string>PBXGroup</string>
			<key>path</key>
			<string>around</string>
			<key>sourceTree</key>
			<string>&lt;group&gt;</string>
		</dict>
		<key>43076410193A708B0094A047</key>
		<dict>
			<key>children</key>
			<array>
				<string>43076411193A708B0094A047</string>
				<string>43076412193A708B0094A047</string>
				<string>43076415193A708C0094A047</string>
				<string>43076417193A708C0094A047</string>
			</array>
			<key>isa</key>
			<string>PBXGroup</string>
			<key>name</key>
			<string>Supporting Files</string>
			<key>sourceTree</key>
			<string>&lt;group&gt;</string>
		</dict>
		<key>43076411193A708B0094A047</key>
		<dict>
			<key>isa</key>
			<string>PBXFileReference</string>
			<key>lastKnownFileType</key>
			<string>text.plist.xml</string>
			<key>path</key>
			<string>around-Info.plist</string>
			<key>sourceTree</key>
			<string>&lt;group&gt;</string>
		</dict>
		<key>43076412193A708B0094A047</key>
		<dict>
			<key>children</key>
			<array>
				<string>43076413193A708B0094A047</string>
			</array>
			<key>isa</key>
			<string>PBXVariantGroup</string>
			<key>name</key>
			<string>InfoPlist.strings</string>
			<key>sourceTree</key>
			<string>&lt;group&gt;</string>
		</dict>
		<key>43076413193A708B0094A047</key>
		<dict>
			<key>isa</key>
			<string>PBXFileReference</string>
			<key>lastKnownFileType</key>
			<string>text.plist.strings</string>
			<key>name</key>
			<string>en</string>
			<key>path</key>
			<string>en.lproj/InfoPlist.strings</string>
			<key>sourceTree</key>
			<string>&lt;group&gt;</string>
		</dict>
		<key>43076414193A708B0094A047</key>
		<dict>
			<key>fileRef</key>
			<string>43076412193A708B0094A047</string>
			<key>isa</key>
			<string>PBXBuildFile</string>
		</dict>
		<key>43076415193A708C0094A047</key>
		<dict>
			<key>isa</key>
			<string>PBXFileReference</string>
			<key>lastKnownFileType</key>
			<string>sourcecode.c.objc</string>
			<key>path</key>
			<string>main.m</string>
			<key>sourceTree</key>
			<string>&lt;group&gt;</string>
		</dict>
		<key>43076416193A708C0094A047</key>
		<dict>
			<key>fileRef</key>
			<string>43076415193A708C0094A047</string>
			<key>isa</key>
			<string>PBXBuildFile</string>
		</dict>
		<key>43076417193A708C0094A047</key>
		<dict>
			<key>isa</key>
			<string>PBXFileReference</string>
			<key>lastKnownFileType</key>
			<string>sourcecode.c.h</string>
			<key>path</key>
			<string>around-Prefix.pch</string>
			<key>sourceTree</key>
			<string>&lt;group&gt;</string>
		</dict>
		<key>43076418193A708C0094A047</key>
		<dict>
			<key>isa</key>
			<string>PBXFileReference</string>
			<key>lastKnownFileType</key>
			<string>sourcecode.c.h</string>
			<key>path</key>
			<string>AppDelegate.h</string>
			<key>sourceTree</key>
			<string>&lt;group&gt;</string>
		</dict>
		<key>43076419193A708C0094A047</key>
		<dict>
			<key>isa</key>
			<string>PBXFileReference</string>
			<key>lastKnownFileType</key>
			<string>sourcecode.c.objc</string>
			<key>path</key>
			<string>AppDelegate.m</string>
			<key>sourceTree</key>
			<string>&lt;group&gt;</string>
		</dict>
		<key>4307641A193A708C0094A047</key>
		<dict>
			<key>fileRef</key>
			<string>43076419193A708C0094A047</string>
			<key>isa</key>
			<string>PBXBuildFile</string>
		</dict>
		<key>4307641B193A708C0094A047</key>
		<dict>
			<key>children</key>
			<array>
				<string>4307641C193A708C0094A047</string>
			</array>
			<key>isa</key>
			<string>PBXVariantGroup</string>
			<key>name</key>
			<string>Main.storyboard</string>
			<key>sourceTree</key>
			<string>&lt;group&gt;</string>
		</dict>
		<key>4307641C193A708C0094A047</key>
		<dict>
			<key>isa</key>
			<string>PBXFileReference</string>
			<key>lastKnownFileType</key>
			<string>file.storyboard</string>
			<key>name</key>
			<string>Base</string>
			<key>path</key>
			<string>Base.lproj/Main.storyboard</string>
			<key>sourceTree</key>
			<string>&lt;group&gt;</string>
		</dict>
		<key>4307641D193A708C0094A047</key>
		<dict>
			<key>fileRef</key>
			<string>4307641B193A708C0094A047</string>
			<key>isa</key>
			<string>PBXBuildFile</string>
		</dict>
		<key>4307641E193A708C0094A047</key>
		<dict>
			<key>isa</key>
			<string>PBXFileReference</string>
			<key>lastKnownFileType</key>
			<string>sourcecode.c.h</string>
			<key>path</key>
			<string>ViewController.h</string>
			<key>sourceTree</key>
			<string>&lt;group&gt;</string>
		</dict>
		<key>4307641F193A708C0094A047</key>
		<dict>
			<key>isa</key>
			<string>PBXFileReference</string>
			<key>lastKnownFileType</key>
			<string>sourcecode.c.objc</string>
			<key>path</key>
			<string>ViewController.m</string>
			<key>sourceTree</key>
			<string>&lt;group&gt;</string>
		</dict>
		<key>43076420193A708C0094A047</key>
		<dict>
			<key>fileRef</key>
			<string>4307641F193A708C0094A047</string>
			<key>isa</key>
			<string>PBXBuildFile</string>
		</dict>
		<key>43076421193A708C0094A047</key>
		<dict>
			<key>isa</key>
			<string>PBXFileReference</string>
			<key>lastKnownFileType</key>
			<string>folder.assetcatalog</string>
			<key>path</key>
			<string>Images.xcassets</string>
			<key>sourceTree</key>
			<string>&lt;group&gt;</string>
		</dict>
		<key>43076422193A708C0094A047</key>
		<dict>
			<key>fileRef</key>
			<string>43076421193A708C0094A047</string>
			<key>isa</key>
			<string>PBXBuildFile</string>
		</dict>
		<key>43076423193A708C0094A047</key>
		<dict>
			<key>buildActionMask</key>
			<string>2147483647</string>
			<key>files</key>
			<array>
				<string>43076435193A708C0094A047</string>
			</array>
			<key>isa</key>
			<string>PBXSourcesBuildPhase</string>
			<key>runOnlyForDeploymentPostprocessing</key>
			<string>0</string>
		</dict>
		<key>43076424193A708C0094A047</key>
		<dict>
			<key>buildActionMask</key>
			<string>2147483647</string>
			<key>files</key>
			<array>
				<string>43076429193A708C0094A047</string>
				<string>4307642B193A708C0094A047</string>
				<string>4307642A193A708C0094A047</string>
			</array>
			<key>isa</key>
			<string>PBXFrameworksBuildPhase</string>
			<key>runOnlyForDeploymentPostprocessing</key>
			<string>0</string>
		</dict>
		<key>43076425193A708C0094A047</key>
		<dict>
			<key>buildActionMask</key>
			<string>2147483647</string>
			<key>files</key>
			<array>
				<string>43076433193A708C0094A047</string>
			</array>
			<key>isa</key>
			<string>PBXResourcesBuildPhase</string>
			<key>runOnlyForDeploymentPostprocessing</key>
			<string>0</string>
		</dict>
		<key>43076426193A708C0094A047</key>
		<dict>
			<key>buildConfigurationList</key>
			<string>4307643B193A708C0094A047</string>
			<key>buildPhases</key>
			<array>
				<string>43076423193A708C0094A047</string>
				<string>43076424193A708C0094A047</string>
				<string>43076425193A708C0094A047</string>
			</array>
			<key>buildRules</key>
			<array/>
			<key>dependencies</key>
			<array>
				<string>4307642D193A708C0094A047</string>
			</array>
			<key>isa</key>
			<string>PBXNativeTarget</string>
			<key>name</key>
			<string>aroundTests</string>
			<key>productName</key>
			<string>aroundTests</string>
			<key>productReference</key>
			<string>43076427193A708C0094A047</string>
			<key>productType</key>
			<string>com.apple.product-type.bundle.unit-test</string>
		</dict>
		<key>43076427193A708C0094A047</key>
		<dict>
			<key>explicitFileType</key>
			<string>wrapper.cfbundle</string>
			<key>includeInIndex</key>
			<string>0</string>
			<key>isa</key>
			<string>PBXFileReference</string>
			<key>path</key>
			<string>aroundTests.xctest</string>
			<key>sourceTree</key>
			<string>BUILT_PRODUCTS_DIR</string>
		</dict>
		<key>43076428193A708C0094A047</key>
		<dict>
			<key>isa</key>
			<string>PBXFileReference</string>
			<key>lastKnownFileType</key>
			<string>wrapper.framework</string>
			<key>name</key>
			<string>XCTest.framework</string>
			<key>path</key>
			<string>Library/Frameworks/XCTest.framework</string>
			<key>sourceTree</key>
			<string>DEVELOPER_DIR</string>
		</dict>
		<key>43076429193A708C0094A047</key>
		<dict>
			<key>fileRef</key>
			<string>43076428193A708C0094A047</string>
			<key>isa</key>
			<string>PBXBuildFile</string>
		</dict>
		<key>4307642A193A708C0094A047</key>
		<dict>
			<key>fileRef</key>
			<string>43076409193A708B0094A047</string>
			<key>isa</key>
			<string>PBXBuildFile</string>
		</dict>
		<key>4307642B193A708C0094A047</key>
		<dict>
			<key>fileRef</key>
			<string>4307640D193A708B0094A047</string>
			<key>isa</key>
			<string>PBXBuildFile</string>
		</dict>
		<key>4307642C193A708C0094A047</key>
		<dict>
			<key>containerPortal</key>
			<string>430763FE193A708B0094A047</string>
			<key>isa</key>
			<string>PBXContainerItemProxy</string>
			<key>proxyType</key>
			<string>1</string>
			<key>remoteGlobalIDString</key>
			<string>43076405193A708B0094A047</string>
			<key>remoteInfo</key>
			<string>around</string>
		</dict>
		<key>4307642D193A708C0094A047</key>
		<dict>
			<key>isa</key>
			<string>PBXTargetDependency</string>
			<key>target</key>
			<string>43076405193A708B0094A047</string>
			<key>targetProxy</key>
			<string>4307642C193A708C0094A047</string>
		</dict>
		<key>4307642E193A708C0094A047</key>
		<dict>
			<key>children</key>
			<array>
				<string>43076434193A708C0094A047</string>
				<string>4307642F193A708C0094A047</string>
			</array>
			<key>isa</key>
			<string>PBXGroup</string>
			<key>path</key>
			<string>aroundTests</string>
			<key>sourceTree</key>
			<string>&lt;group&gt;</string>
		</dict>
		<key>4307642F193A708C0094A047</key>
		<dict>
			<key>children</key>
			<array>
				<string>43076430193A708C0094A047</string>
				<string>43076431193A708C0094A047</string>
			</array>
			<key>isa</key>
			<string>PBXGroup</string>
			<key>name</key>
			<string>Supporting Files</string>
			<key>sourceTree</key>
			<string>&lt;group&gt;</string>
		</dict>
		<key>43076430193A708C0094A047</key>
		<dict>
			<key>isa</key>
			<string>PBXFileReference</string>
			<key>lastKnownFileType</key>
			<string>text.plist.xml</string>
			<key>path</key>
			<string>aroundTests-Info.plist</string>
			<key>sourceTree</key>
			<string>&lt;group&gt;</string>
		</dict>
		<key>43076431193A708C0094A047</key>
		<dict>
			<key>children</key>
			<array>
				<string>43076432193A708C0094A047</string>
			</array>
			<key>isa</key>
			<string>PBXVariantGroup</string>
			<key>name</key>
			<string>InfoPlist.strings</string>
			<key>sourceTree</key>
			<string>&lt;group&gt;</string>
		</dict>
		<key>43076432193A708C0094A047</key>
		<dict>
			<key>isa</key>
			<string>PBXFileReference</string>
			<key>lastKnownFileType</key>
			<string>text.plist.strings</string>
			<key>name</key>
			<string>en</string>
			<key>path</key>
			<string>en.lproj/InfoPlist.strings</string>
			<key>sourceTree</key>
			<string>&lt;group&gt;</string>
		</dict>
		<key>43076433193A708C0094A047</key>
		<dict>
			<key>fileRef</key>
			<string>43076431193A708C0094A047</string>
			<key>isa</key>
			<string>PBXBuildFile</string>
		</dict>
		<key>43076434193A708C0094A047</key>
		<dict>
			<key>isa</key>
			<string>PBXFileReference</string>
			<key>lastKnownFileType</key>
			<string>sourcecode.c.objc</string>
			<key>path</key>
			<string>aroundTests.m</string>
			<key>sourceTree</key>
			<string>&lt;group&gt;</string>
		</dict>
		<key>43076435193A708C0094A047</key>
		<dict>
			<key>fileRef</key>
			<string>43076434193A708C0094A047</string>
			<key>isa</key>
			<string>PBXBuildFile</string>
		</dict>
		<key>43076436193A708C0094A047</key>
		<dict>
			<key>buildSettings</key>
			<dict>
				<key>ALWAYS_SEARCH_USER_PATHS</key>
				<string>NO</string>
				<key>CLANG_CXX_LANGUAGE_STANDARD</key>
				<string>gnu++0x</string>
				<key>CLANG_CXX_LIBRARY</key>
				<string>libc++</string>
				<key>CLANG_ENABLE_MODULES</key>
				<string>YES</string>
				<key>CLANG_ENABLE_OBJC_ARC</key>
				<string>YES</string>
				<key>CLANG_WARN_BOOL_CONVERSION</key>
				<string>YES</string>
				<key>CLANG_WARN_CONSTANT_CONVERSION</key>
				<string>YES</string>
				<key>CLANG_WARN_DIRECT_OBJC_ISA_USAGE</key>
				<string>YES_ERROR</string>
				<key>CLANG_WARN_EMPTY_BODY</key>
				<string>YES</string>
				<key>CLANG_WARN_ENUM_CONVERSION</key>
				<string>YES</string>
				<key>CLANG_WARN_INT_CONVERSION</key>
				<string>YES</string>
				<key>CLANG_WARN_OBJC_ROOT_CLASS</key>
				<string>YES_ERROR</string>
				<key>CLANG_WARN__DUPLICATE_METHOD_MATCH</key>
				<string>YES</string>
				<key>CODE_SIGN_IDENTITY[sdk=iphoneos*]</key>
				<string>iPhone Developer</string>
				<key>COPY_PHASE_STRIP</key>
				<string>NO</string>
				<key>GCC_C_LANGUAGE_STANDARD</key>
				<string>gnu99</string>
				<key>GCC_DYNAMIC_NO_PIC</key>
				<string>NO</string>
				<key>GCC_OPTIMIZATION_LEVEL</key>
				<string>0</string>
				<key>GCC_PREPROCESSOR_DEFINITIONS</key>
				<array>
					<string>DEBUG=1</string>
					<string>$(inherited)</string>
				</array>
				<key>GCC_SYMBOLS_PRIVATE_EXTERN</key>
				<string>NO</string>
				<key>GCC_WARN_64_TO_32_BIT_CONVERSION</key>
				<string>YES</string>
				<key>GCC_WARN_ABOUT_RETURN_TYPE</key>
				<string>YES_ERROR</string>
				<key>GCC_WARN_UNDECLARED_SELECTOR</key>
				<string>YES</string>
				<key>GCC_WARN_UNINITIALIZED_AUTOS</key>
				<string>YES_AGGRESSIVE</string>
				<key>GCC_WARN_UNUSED_FUNCTION</key>
				<string>YES</string>
				<key>GCC_WARN_UNUSED_VARIABLE</key>
				<string>YES</string>
				<key>IPHONEOS_DEPLOYMENT_TARGET</key>
				<string>7.1</string>
				<key>ONLY_ACTIVE_ARCH</key>
				<string>YES</string>
				<key>SDKROOT</key>
				<string>iphoneos</string>
			</dict>
			<key>isa</key>
			<string>XCBuildConfiguration</string>
			<key>name</key>
			<string>Debug</string>
		</dict>
		<key>43076437193A708C0094A047</key>
		<dict>
			<key>buildSettings</key>
			<dict>
				<key>ALWAYS_SEARCH_USER_PATHS</key>
				<string>NO</string>
				<key>CLANG_CXX_LANGUAGE_STANDARD</key>
				<string>gnu++0x</string>
				<key>CLANG_CXX_LIBRARY</key>
				<string>libc++</string>
				<key>CLANG_ENABLE_MODULES</key>
				<string>YES</string>
				<key>CLANG_ENABLE_OBJC_ARC</key>
				<string>YES</string>
				<key>CLANG_WARN_BOOL_CONVERSION</key>
				<string>YES</string>
				<key>CLANG_WARN_CONSTANT_CONVERSION</key>
				<string>YES</string>
				<key>CLANG_WARN_DIRECT_OBJC_ISA_USAGE</key>
				<string>YES_ERROR</string>
				<key>CLANG_WARN_EMPTY_BODY</key>
				<string>YES</string>
				<key>CLANG_WARN_ENUM_CONVERSION</key>
				<string>YES</string>
				<key>CLANG_WARN_INT_CONVERSION</key>
				<string>YES</string>
				<key>CLANG_WARN_OBJC_ROOT_CLASS</key>
				<string>YES_ERROR</string>
				<key>CLANG_WARN__DUPLICATE_METHOD_MATCH</key>
				<string>YES</string>
				<key>CODE_SIGN_IDENTITY[sdk=iphoneos*]</key>
				<string>iPhone Developer</string>
				<key>COPY_PHASE_STRIP</key>
				<string>YES</string>
				<key>ENABLE_NS_ASSERTIONS</key>
				<string>NO</string>
				<key>GCC_C_LANGUAGE_STANDARD</key>
				<string>gnu99</string>
				<key>GCC_WARN_64_TO_32_BIT_CONVERSION</key>
				<string>YES</string>
				<key>GCC_WARN_ABOUT_RETURN_TYPE</key>
				<string>YES_ERROR</string>
				<key>GCC_WARN_UNDECLARED_SELECTOR</key>
				<string>YES</string>
				<key>GCC_WARN_UNINITIALIZED_AUTOS</key>
				<string>YES_AGGRESSIVE</string>
				<key>GCC_WARN_UNUSED_FUNCTION</key>
				<string>YES</string>
				<key>GCC_WARN_UNUSED_VARIABLE</key>
				<string>YES</string>
				<key>IPHONEOS_DEPLOYMENT_TARGET</key>
				<string>7.1</string>
				<key>SDKROOT</key>
				<string>iphoneos</string>
				<key>VALIDATE_PRODUCT</key>
				<string>YES</string>
			</dict>
			<key>isa</key>
			<string>XCBuildConfiguration</string>
			<key>name</key>
			<string>Release</string>
		</dict>
		<key>43076438193A708C0094A047</key>
		<dict>
			<key>buildConfigurations</key>
			<array>
				<string>43076439193A708C0094A047</string>
				<string>4307643A193A708C0094A047</string>
			</array>
			<key>defaultConfigurationIsVisible</key>
			<string>0</string>
			<key>defaultConfigurationName</key>
			<string>Release</string>
			<key>isa</key>
			<string>XCConfigurationList</string>
		</dict>
		<key>43076439193A708C0094A047</key>
		<dict>
			<key>baseConfigurationReference</key>
			<string>A730774E13B4613902AEF72C</string>
			<key>buildSettings</key>
			<dict>
				<key>ASSETCATALOG_COMPILER_APPICON_NAME</key>
				<string>AppIcon</string>
				<key>ASSETCATALOG_COMPILER_LAUNCHIMAGE_NAME</key>
				<string>LaunchImage</string>
				<key>CODE_SIGN_IDENTITY</key>
				<string>iPhone Developer</string>
				<key>CODE_SIGN_IDENTITY[sdk=iphoneos*]</key>
				<string>iPhone Developer</string>
				<key>FRAMEWORK_SEARCH_PATHS</key>
				<array>
					<string>$(inherited)</string>
					<string>/Users/bmcferren/Documents/FacebookSDK</string>
				</array>
				<key>GCC_PRECOMPILE_PREFIX_HEADER</key>
				<string>YES</string>
				<key>GCC_PREFIX_HEADER</key>
				<string>around/around-Prefix.pch</string>
				<key>INFOPLIST_FILE</key>
				<string>around/around-Info.plist</string>
				<key>New_Setting</key>
				<string></string>
				<key>PRODUCT_NAME</key>
				<string>$(TARGET_NAME)</string>
				<key>PROVISIONING_PROFILE</key>
				<string></string>
				<key>WRAPPER_EXTENSION</key>
				<string>app</string>
			</dict>
			<key>isa</key>
			<string>XCBuildConfiguration</string>
			<key>name</key>
			<string>Debug</string>
		</dict>
		<key>4307643A193A708C0094A047</key>
		<dict>
			<key>baseConfigurationReference</key>
			<string>AE30832481712941FF1CA71B</string>
			<key>buildSettings</key>
			<dict>
				<key>ASSETCATALOG_COMPILER_APPICON_NAME</key>
				<string>AppIcon</string>
				<key>ASSETCATALOG_COMPILER_LAUNCHIMAGE_NAME</key>
				<string>LaunchImage</string>
				<key>CODE_SIGN_IDENTITY</key>
				<string>iPhone Developer</string>
				<key>CODE_SIGN_IDENTITY[sdk=iphoneos*]</key>
				<string>iPhone Developer</string>
				<key>FRAMEWORK_SEARCH_PATHS</key>
				<array>
					<string>$(inherited)</string>
					<string>/Users/bmcferren/Documents/FacebookSDK</string>
				</array>
				<key>GCC_PRECOMPILE_PREFIX_HEADER</key>
				<string>YES</string>
				<key>GCC_PREFIX_HEADER</key>
				<string>around/around-Prefix.pch</string>
				<key>INFOPLIST_FILE</key>
				<string>around/around-Info.plist</string>
				<key>New_Setting</key>
				<string></string>
				<key>PRODUCT_NAME</key>
				<string>$(TARGET_NAME)</string>
				<key>PROVISIONING_PROFILE</key>
				<string></string>
				<key>WRAPPER_EXTENSION</key>
				<string>app</string>
			</dict>
			<key>isa</key>
			<string>XCBuildConfiguration</string>
			<key>name</key>
			<string>Release</string>
		</dict>
		<key>4307643B193A708C0094A047</key>
		<dict>
			<key>buildConfigurations</key>
			<array>
				<string>4307643C193A708C0094A047</string>
				<string>4307643D193A708C0094A047</string>
			</array>
			<key>defaultConfigurationIsVisible</key>
			<string>0</string>
			<key>defaultConfigurationName</key>
			<string>Release</string>
			<key>isa</key>
			<string>XCConfigurationList</string>
		</dict>
		<key>4307643C193A708C0094A047</key>
		<dict>
			<key>buildSettings</key>
			<dict>
				<key>BUNDLE_LOADER</key>
				<string>$(BUILT_PRODUCTS_DIR)/around.app/around</string>
				<key>FRAMEWORK_SEARCH_PATHS</key>
				<array>
					<string>$(SDKROOT)/Developer/Library/Frameworks</string>
					<string>$(inherited)</string>
					<string>$(DEVELOPER_FRAMEWORKS_DIR)</string>
				</array>
				<key>GCC_PRECOMPILE_PREFIX_HEADER</key>
				<string>YES</string>
				<key>GCC_PREFIX_HEADER</key>
				<string>around/around-Prefix.pch</string>
				<key>GCC_PREPROCESSOR_DEFINITIONS</key>
				<array>
					<string>DEBUG=1</string>
					<string>$(inherited)</string>
				</array>
				<key>INFOPLIST_FILE</key>
				<string>aroundTests/aroundTests-Info.plist</string>
				<key>PRODUCT_NAME</key>
				<string>$(TARGET_NAME)</string>
				<key>TEST_HOST</key>
				<string>$(BUNDLE_LOADER)</string>
				<key>WRAPPER_EXTENSION</key>
				<string>xctest</string>
			</dict>
			<key>isa</key>
			<string>XCBuildConfiguration</string>
			<key>name</key>
			<string>Debug</string>
		</dict>
		<key>4307643D193A708C0094A047</key>
		<dict>
			<key>buildSettings</key>
			<dict>
				<key>BUNDLE_LOADER</key>
				<string>$(BUILT_PRODUCTS_DIR)/around.app/around</string>
				<key>FRAMEWORK_SEARCH_PATHS</key>
				<array>
					<string>$(SDKROOT)/Developer/Library/Frameworks</string>
					<string>$(inherited)</string>
					<string>$(DEVELOPER_FRAMEWORKS_DIR)</string>
				</array>
				<key>GCC_PRECOMPILE_PREFIX_HEADER</key>
				<string>YES</string>
				<key>GCC_PREFIX_HEADER</key>
				<string>around/around-Prefix.pch</string>
				<key>INFOPLIST_FILE</key>
				<string>aroundTests/aroundTests-Info.plist</string>
				<key>PRODUCT_NAME</key>
				<string>$(TARGET_NAME)</string>
				<key>TEST_HOST</key>
				<string>$(BUNDLE_LOADER)</string>
				<key>WRAPPER_EXTENSION</key>
				<string>xctest</string>
			</dict>
			<key>isa</key>
			<string>XCBuildConfiguration</string>
			<key>name</key>
			<string>Release</string>
		</dict>
		<key>43076440193A8A030094A047</key>
		<dict>
			<key>fileEncoding</key>
			<string>4</string>
			<key>isa</key>
			<string>PBXFileReference</string>
			<key>lastKnownFileType</key>
			<string>sourcecode.c.h</string>
			<key>path</key>
			<string>PieceViewController.h</string>
			<key>sourceTree</key>
			<string>&lt;group&gt;</string>
		</dict>
		<key>43076441193A8A030094A047</key>
		<dict>
			<key>fileEncoding</key>
			<string>4</string>
			<key>isa</key>
			<string>PBXFileReference</string>
			<key>lastKnownFileType</key>
			<string>sourcecode.c.objc</string>
			<key>path</key>
			<string>PieceViewController.m</string>
			<key>sourceTree</key>
			<string>&lt;group&gt;</string>
		</dict>
		<key>43076442193A8A030094A047</key>
		<dict>
			<key>fileRef</key>
			<string>43076441193A8A030094A047</string>
			<key>isa</key>
			<string>PBXBuildFile</string>
		</dict>
		<key>43076443193BCDC10094A047</key>
		<dict>
			<key>fileEncoding</key>
			<string>4</string>
			<key>isa</key>
			<string>PBXFileReference</string>
			<key>lastKnownFileType</key>
			<string>sourcecode.c.h</string>
			<key>path</key>
			<string>Lane_UICollectioinViewLayout.h</string>
			<key>sourceTree</key>
			<string>&lt;group&gt;</string>
		</dict>
		<key>43076444193BCDC10094A047</key>
		<dict>
			<key>fileEncoding</key>
			<string>4</string>
			<key>isa</key>
			<string>PBXFileReference</string>
			<key>lastKnownFileType</key>
			<string>sourcecode.c.objc</string>
			<key>path</key>
			<string>Lane_UICollectioinViewLayout.m</string>
			<key>sourceTree</key>
			<string>&lt;group&gt;</string>
		</dict>
		<key>43076445193BCDC10094A047</key>
		<dict>
			<key>fileRef</key>
			<string>43076444193BCDC10094A047</string>
			<key>isa</key>
			<string>PBXBuildFile</string>
		</dict>
		<key>43076446193BD0030094A047</key>
		<dict>
			<key>fileEncoding</key>
			<string>4</string>
			<key>isa</key>
			<string>PBXFileReference</string>
			<key>lastKnownFileType</key>
			<string>sourcecode.c.h</string>
			<key>path</key>
			<string>Board_ViewController.h</string>
			<key>sourceTree</key>
			<string>&lt;group&gt;</string>
		</dict>
		<key>43076447193BD0030094A047</key>
		<dict>
			<key>fileEncoding</key>
			<string>4</string>
			<key>isa</key>
			<string>PBXFileReference</string>
			<key>lastKnownFileType</key>
			<string>sourcecode.c.objc</string>
			<key>path</key>
			<string>Board_ViewController.m</string>
			<key>sourceTree</key>
			<string>&lt;group&gt;</string>
		</dict>
		<key>43076448193BD0030094A047</key>
		<dict>
			<key>fileRef</key>
			<string>43076447193BD0030094A047</string>
			<key>isa</key>
			<string>PBXBuildFile</string>
		</dict>
		<key>43076449193BE7FA0094A047</key>
		<dict>
			<key>fileEncoding</key>
			<string>4</string>
			<key>isa</key>
			<string>PBXFileReference</string>
			<key>lastKnownFileType</key>
			<string>sourcecode.c.h</string>
			<key>path</key>
			<string>Vertical_ViewController.h</string>
			<key>sourceTree</key>
			<string>&lt;group&gt;</string>
		</dict>
		<key>4307644A193BE7FA0094A047</key>
		<dict>
			<key>fileEncoding</key>
			<string>4</string>
			<key>isa</key>
			<string>PBXFileReference</string>
			<key>lastKnownFileType</key>
			<string>sourcecode.c.objc</string>
			<key>path</key>
			<string>Vertical_ViewController.m</string>
			<key>sourceTree</key>
			<string>&lt;group&gt;</string>
		</dict>
		<key>4307644B193BE7FA0094A047</key>
		<dict>
			<key>fileRef</key>
			<string>4307644A193BE7FA0094A047</string>
			<key>isa</key>
			<string>PBXBuildFile</string>
		</dict>
		<key>4307644C193BEAA20094A047</key>
		<dict>
			<key>fileEncoding</key>
			<string>4</string>
			<key>isa</key>
			<string>PBXFileReference</string>
			<key>lastKnownFileType</key>
			<string>sourcecode.c.h</string>
			<key>path</key>
			<string>Game_ViewController.h</string>
			<key>sourceTree</key>
			<string>&lt;group&gt;</string>
		</dict>
		<key>4307644D193BEAA20094A047</key>
		<dict>
			<key>fileEncoding</key>
			<string>4</string>
			<key>isa</key>
			<string>PBXFileReference</string>
			<key>lastKnownFileType</key>
			<string>sourcecode.c.objc</string>
			<key>path</key>
			<string>Game_ViewController.m</string>
			<key>sourceTree</key>
			<string>&lt;group&gt;</string>
		</dict>
		<key>4307644E193BEAA20094A047</key>
		<dict>
			<key>fileRef</key>
			<string>4307644D193BEAA20094A047</string>
			<key>isa</key>
			<string>PBXBuildFile</string>
		</dict>
		<key>4307644F193CCB6C0094A047</key>
		<dict>
			<key>fileEncoding</key>
			<string>4</string>
			<key>isa</key>
			<string>PBXFileReference</string>
			<key>lastKnownFileType</key>
			<string>sourcecode.c.h</string>
			<key>path</key>
			<string>Profile_Factory.h</string>
			<key>sourceTree</key>
			<string>&lt;group&gt;</string>
		</dict>
		<key>43076450193CCB6C0094A047</key>
		<dict>
			<key>fileEncoding</key>
			<string>4</string>
			<key>isa</key>
			<string>PBXFileReference</string>
			<key>lastKnownFileType</key>
			<string>sourcecode.c.objc</string>
			<key>path</key>
			<string>Profile_Factory.m</string>
			<key>sourceTree</key>
			<string>&lt;group&gt;</string>
		</dict>
		<key>43076451193CCB6C0094A047</key>
		<dict>
			<key>fileRef</key>
			<string>43076450193CCB6C0094A047</string>
			<key>isa</key>
			<string>PBXBuildFile</string>
		</dict>
		<key>43076453193CDBA90094A047</key>
		<dict>
			<key>fileEncoding</key>
			<string>4</string>
			<key>isa</key>
			<string>PBXFileReference</string>
			<key>lastKnownFileType</key>
			<string>text.plist.xml</string>
			<key>path</key>
			<string>profiles.plist</string>
			<key>sourceTree</key>
			<string>&lt;group&gt;</string>
		</dict>
		<key>43076454193CDBA90094A047</key>
		<dict>
			<key>fileRef</key>
			<string>43076453193CDBA90094A047</string>
			<key>isa</key>
			<string>PBXBuildFile</string>
		</dict>
		<key>434D6B0E194622C700B13301</key>
		<dict>
			<key>fileEncoding</key>
			<string>4</string>
			<key>isa</key>
			<string>PBXFileReference</string>
			<key>lastKnownFileType</key>
			<string>sourcecode.c.h</string>
			<key>path</key>
			<string>Questions_ViewController.h</string>
			<key>sourceTree</key>
			<string>&lt;group&gt;</string>
		</dict>
		<key>434D6B0F194622C700B13301</key>
		<dict>
			<key>fileEncoding</key>
			<string>4</string>
			<key>isa</key>
			<string>PBXFileReference</string>
			<key>lastKnownFileType</key>
			<string>sourcecode.c.objc</string>
			<key>path</key>
			<string>Questions_ViewController.m</string>
			<key>sourceTree</key>
			<string>&lt;group&gt;</string>
		</dict>
		<key>434D6B10194622C700B13301</key>
		<dict>
			<key>fileRef</key>
			<string>434D6B0F194622C700B13301</string>
			<key>isa</key>
			<string>PBXBuildFile</string>
		</dict>
		<key>434D6B1119462FC800B13301</key>
		<dict>
			<key>fileEncoding</key>
			<string>4</string>
			<key>isa</key>
			<string>PBXFileReference</string>
			<key>lastKnownFileType</key>
			<string>sourcecode.c.h</string>
			<key>path</key>
			<string>Answers_ViewController.h</string>
			<key>sourceTree</key>
			<string>&lt;group&gt;</string>
		</dict>
		<key>434D6B1219462FC800B13301</key>
		<dict>
			<key>fileEncoding</key>
			<string>4</string>
			<key>isa</key>
			<string>PBXFileReference</string>
			<key>lastKnownFileType</key>
			<string>sourcecode.c.objc</string>
			<key>path</key>
			<string>Answers_ViewController.m</string>
			<key>sourceTree</key>
			<string>&lt;group&gt;</string>
		</dict>
		<key>434D6B1319462FC800B13301</key>
		<dict>
			<key>fileRef</key>
			<string>434D6B1219462FC800B13301</string>
			<key>isa</key>
			<string>PBXBuildFile</string>
		</dict>
		<key>434D6B17194643C500B13301</key>
		<dict>
			<key>fileEncoding</key>
			<string>4</string>
			<key>isa</key>
			<string>PBXFileReference</string>
			<key>lastKnownFileType</key>
			<string>sourcecode.c.h</string>
			<key>path</key>
			<string>Points_ViewController.h</string>
			<key>sourceTree</key>
			<string>&lt;group&gt;</string>
		</dict>
		<key>434D6B18194643C500B13301</key>
		<dict>
			<key>fileEncoding</key>
			<string>4</string>
			<key>isa</key>
			<string>PBXFileReference</string>
			<key>lastKnownFileType</key>
			<string>sourcecode.c.objc</string>
			<key>path</key>
			<string>Points_ViewController.m</string>
			<key>sourceTree</key>
			<string>&lt;group&gt;</string>
		</dict>
		<key>434D6B19194643C500B13301</key>
		<dict>
			<key>fileRef</key>
			<string>434D6B18194643C500B13301</string>
			<key>isa</key>
			<string>PBXBuildFile</string>
		</dict>
		<key>434D6B1A1946692D00B13301</key>
		<dict>
			<key>fileEncoding</key>
			<string>4</string>
			<key>isa</key>
			<string>PBXFileReference</string>
			<key>lastKnownFileType</key>
			<string>sourcecode.c.h</string>
			<key>path</key>
			<string>Ask_ViewController.h</string>
			<key>sourceTree</key>
			<string>&lt;group&gt;</string>
		</dict>
		<key>434D6B1B1946692D00B13301</key>
		<dict>
			<key>fileEncoding</key>
			<string>4</string>
			<key>isa</key>
			<string>PBXFileReference</string>
			<key>lastKnownFileType</key>
			<string>sourcecode.c.objc</string>
			<key>path</key>
			<string>Ask_ViewController.m</string>
			<key>sourceTree</key>
			<string>&lt;group&gt;</string>
		</dict>
		<key>434D6B1C1946692D00B13301</key>
		<dict>
			<key>fileRef</key>
			<string>434D6B1B1946692D00B13301</string>
			<key>isa</key>
			<string>PBXBuildFile</string>
		</dict>
		<key>434E9388193ECFA700DA0298</key>
		<dict>
			<key>fileEncoding</key>
			<string>4</string>
			<key>isa</key>
			<string>PBXFileReference</string>
			<key>lastKnownFileType</key>
			<string>sourcecode.c.h</string>
			<key>path</key>
			<string>User_Session.h</string>
			<key>sourceTree</key>
			<string>&lt;group&gt;</string>
		</dict>
		<key>434E9389193ECFA700DA0298</key>
		<dict>
			<key>fileEncoding</key>
			<string>4</string>
			<key>isa</key>
			<string>PBXFileReference</string>
			<key>lastKnownFileType</key>
			<string>sourcecode.c.objc</string>
			<key>path</key>
			<string>User_Session.m</string>
			<key>sourceTree</key>
			<string>&lt;group&gt;</string>
		</dict>
		<key>434E938A193ECFA700DA0298</key>
		<dict>
			<key>fileRef</key>
			<string>434E9389193ECFA700DA0298</string>
			<key>isa</key>
			<string>PBXBuildFile</string>
		</dict>
		<key>434E938B193EE9FD00DA0298</key>
		<dict>
			<key>fileEncoding</key>
			<string>4</string>
			<key>isa</key>
			<string>PBXFileReference</string>
			<key>lastKnownFileType</key>
			<string>sourcecode.c.h</string>
			<key>path</key>
			<string>Answer_Factory.h</string>
			<key>sourceTree</key>
			<string>&lt;group&gt;</string>
		</dict>
		<key>434E938C193EE9FD00DA0298</key>
		<dict>
			<key>fileEncoding</key>
			<string>4</string>
			<key>isa</key>
			<string>PBXFileReference</string>
			<key>lastKnownFileType</key>
			<string>sourcecode.c.objc</string>
			<key>path</key>
			<string>Answer_Factory.m</string>
			<key>sourceTree</key>
			<string>&lt;group&gt;</string>
		</dict>
		<key>434E938D193EE9FD00DA0298</key>
		<dict>
			<key>fileRef</key>
			<string>434E938C193EE9FD00DA0298</string>
			<key>isa</key>
			<string>PBXBuildFile</string>
		</dict>
		<key>434E938E193F6E8200DA0298</key>
		<dict>
			<key>fileEncoding</key>
			<string>4</string>
			<key>isa</key>
			<string>PBXFileReference</string>
			<key>lastKnownFileType</key>
			<string>sourcecode.c.h</string>
			<key>path</key>
			<string>PointSet_Factory.h</string>
			<key>sourceTree</key>
			<string>&lt;group&gt;</string>
		</dict>
		<key>434E938F193F6E8200DA0298</key>
		<dict>
			<key>fileEncoding</key>
			<string>4</string>
			<key>isa</key>
			<string>PBXFileReference</string>
			<key>lastKnownFileType</key>
			<string>sourcecode.c.objc</string>
			<key>path</key>
			<string>PointSet_Factory.m</string>
			<key>sourceTree</key>
			<string>&lt;group&gt;</string>
		</dict>
		<key>434E9390193F6E8200DA0298</key>
		<dict>
			<key>fileRef</key>
			<string>434E938F193F6E8200DA0298</string>
			<key>isa</key>
			<string>PBXBuildFile</string>
		</dict>
		<key>434E9391193F6EFF00DA0298</key>
		<dict>
			<key>fileEncoding</key>
			<string>4</string>
			<key>isa</key>
			<string>PBXFileReference</string>
			<key>lastKnownFileType</key>
			<string>sourcecode.c.h</string>
			<key>path</key>
			<string>Question_Factory.h</string>
			<key>sourceTree</key>
			<string>&lt;group&gt;</string>
		</dict>
		<key>434E9392193F6EFF00DA0298</key>
		<dict>
			<key>fileEncoding</key>
			<string>4</string>
			<key>isa</key>
			<string>PBXFileReference</string>
			<key>lastKnownFileType</key>
			<string>sourcecode.c.objc</string>
			<key>path</key>
			<string>Question_Factory.m</string>
			<key>sourceTree</key>
			<string>&lt;group&gt;</string>
		</dict>
		<key>434E9393193F6EFF00DA0298</key>
		<dict>
			<key>fileRef</key>
			<string>434E9392193F6EFF00DA0298</string>
			<key>isa</key>
			<string>PBXBuildFile</string>
		</dict>
		<key>434E93941941170D00DA0298</key>
		<dict>
			<key>fileEncoding</key>
			<string>4</string>
			<key>isa</key>
			<string>PBXFileReference</string>
			<key>lastKnownFileType</key>
			<string>text.plist.xml</string>
			<key>path</key>
			<string>answers.plist</string>
			<key>sourceTree</key>
			<string>&lt;group&gt;</string>
		</dict>
		<key>434E93951941170D00DA0298</key>
		<dict>
			<key>fileRef</key>
			<string>434E93941941170D00DA0298</string>
			<key>isa</key>
			<string>PBXBuildFile</string>
		</dict>
		<key>434E93961941172700DA0298</key>
		<dict>
			<key>children</key>
			<array>
				<string>43076440193A8A030094A047</string>
				<string>43076441193A8A030094A047</string>
				<string>43076443193BCDC10094A047</string>
				<string>43076444193BCDC10094A047</string>
				<string>43076446193BD0030094A047</string>
				<string>43076447193BD0030094A047</string>
				<string>43076449193BE7FA0094A047</string>
				<string>4307644A193BE7FA0094A047</string>
				<string>4307644C193BEAA20094A047</string>
				<string>4307644D193BEAA20094A047</string>
			</array>
			<key>isa</key>
			<string>PBXGroup</string>
			<key>name</key>
			<string>old</string>
			<key>sourceTree</key>
			<string>&lt;group&gt;</string>
		</dict>
		<key>434E93971941177000DA0298</key>
		<dict>
			<key>fileEncoding</key>
			<string>4</string>
			<key>isa</key>
			<string>PBXFileReference</string>
			<key>lastKnownFileType</key>
			<string>text.plist.xml</string>
			<key>path</key>
			<string>questions.plist</string>
			<key>sourceTree</key>
			<string>&lt;group&gt;</string>
		</dict>
		<key>434E93981941177000DA0298</key>
		<dict>
			<key>fileRef</key>
			<string>434E93971941177000DA0298</string>
			<key>isa</key>
			<string>PBXBuildFile</string>
		</dict>
		<key>434E93991941178300DA0298</key>
		<dict>
			<key>fileEncoding</key>
			<string>4</string>
			<key>isa</key>
			<string>PBXFileReference</string>
			<key>lastKnownFileType</key>
			<string>text.plist.xml</string>
			<key>path</key>
			<string>pointsets.plist</string>
			<key>sourceTree</key>
			<string>&lt;group&gt;</string>
		</dict>
		<key>434E939A1941178300DA0298</key>
		<dict>
			<key>fileRef</key>
			<string>434E93991941178300DA0298</string>
			<key>isa</key>
			<string>PBXBuildFile</string>
		</dict>
		<key>434E939B194217B100DA0298</key>
		<dict>
			<key>fileEncoding</key>
			<string>4</string>
			<key>isa</key>
			<string>PBXFileReference</string>
			<key>lastKnownFileType</key>
			<string>sourcecode.c.h</string>
			<key>path</key>
			<string>Game_Board.h</string>
			<key>sourceTree</key>
			<string>&lt;group&gt;</string>
		</dict>
		<key>434E939C194217B100DA0298</key>
		<dict>
			<key>fileEncoding</key>
			<string>4</string>
			<key>isa</key>
			<string>PBXFileReference</string>
			<key>lastKnownFileType</key>
			<string>sourcecode.c.objc</string>
			<key>path</key>
			<string>Game_Board.m</string>
			<key>sourceTree</key>
			<string>&lt;group&gt;</string>
		</dict>
		<key>434E939D194217B100DA0298</key>
		<dict>
			<key>fileRef</key>
			<string>434E939C194217B100DA0298</string>
			<key>isa</key>
			<string>PBXBuildFile</string>
		</dict>
		<key>57426A017BD38A16ECE64596</key>
		<dict>
			<key>fileRef</key>
			<string>32F28CE06B9C105C932B6041</string>
			<key>isa</key>
			<string>PBXBuildFile</string>
		</dict>
		<key>A730774E13B4613902AEF72C</key>
		<dict>
			<key>includeInIndex</key>
			<string>1</string>
			<key>isa</key>
			<string>PBXFileReference</string>
			<key>lastKnownFileType</key>
			<string>text.xcconfig</string>
			<key>name</key>
			<string>Pods.debug.xcconfig</string>
			<key>path</key>
			<string>Pods/Target Support Files/Pods/Pods.debug.xcconfig</string>
			<key>sourceTree</key>
			<string>&lt;group&gt;</string>
		</dict>
		<key>AE30832481712941FF1CA71B</key>
		<dict>
			<key>includeInIndex</key>
			<string>1</string>
			<key>isa</key>
			<string>PBXFileReference</string>
			<key>lastKnownFileType</key>
			<string>text.xcconfig</string>
			<key>name</key>
			<string>Pods.release.xcconfig</string>
			<key>path</key>
			<string>Pods/Target Support Files/Pods/Pods.release.xcconfig</string>
			<key>sourceTree</key>
			<string>&lt;group&gt;</string>
		</dict>
		<key>E1F5BEBC83DB9E37E329E928</key>
		<dict>
			<key>children</key>
			<array>
				<string>A730774E13B4613902AEF72C</string>
				<string>AE30832481712941FF1CA71B</string>
			</array>
			<key>isa</key>
			<string>PBXGroup</string>
			<key>name</key>
			<string>Pods</string>
			<key>sourceTree</key>
			<string>&lt;group&gt;</string>
		</dict>
	</dict>
	<key>rootObject</key>
	<string>430763FE193A708B0094A047</string>
</dict>
</plist>
